
Microsoft Visual Studio Solution File, Format Version 12.00
# Visual Studio Version 17
VisualStudioVersion = 17.7.34024.191
MinimumVisualStudioVersion = 10.0.40219.1
Project("{FAE04EC0-301F-11D3-BF4B-00C04F79EFBC}") = "ADT_TMemory", "ADT_TMemory.csproj", "{F73AFC5C-A8FE-4111-9B4A-F77098A09B8A}"
EndProject
Global
	GlobalSection(SolutionConfigurationPlatforms) = preSolution
		Debug|Any CPU = Debug|Any CPU
		Release|Any CPU = Release|Any CPU
	EndGlobalSection
	GlobalSection(ProjectConfigurationPlatforms) = postSolution
		{F73AFC5C-A8FE-4111-9B4A-F77098A09B8A}.Debug|Any CPU.ActiveCfg = Debug|Any CPU
		{F73AFC5C-A8FE-4111-9B4A-F77098A09B8A}.Debug|Any CPU.Build.0 = Debug|Any CPU
		{F73AFC5C-A8FE-4111-9B4A-F77098A09B8A}.Release|Any CPU.ActiveCfg = Release|Any CPU
		{F73AFC5C-A8FE-4111-9B4A-F77098A09B8A}.Release|Any CPU.Build.0 = Release|Any CPU
	EndGlobalSection
	GlobalSection(SolutionProperties) = preSolution
		HideSolutionNode = FALSE
	EndGlobalSection
	GlobalSection(ExtensibilityGlobals) = postSolution
		SolutionGuid = {42AE3250-14B4-4255-9530-4D81947057BA}
	EndGlobalSection
EndGlobal
