
Microsoft Visual Studio Solution File, Format Version 12.00
# Visual Studio Version 17
VisualStudioVersion = 17.7.34024.191
MinimumVisualStudioVersion = 10.0.40219.1
Project("{FAE04EC0-301F-11D3-BF4B-00C04F79EFBC}") = "ComplexNumberEditor", "ComplexNumberEditor.csproj", "{DC4C5F0E-2717-4ECB-BE32-4BA0197E8483}"
EndProject
Project("{FAE04EC0-301F-11D3-BF4B-00C04F79EFBC}") = "MyComplexNumber", "..\..\6_lab\MyComplexNumber\MyComplexNumber.csproj", "{FB5718FE-6F9B-4E31-9B20-650F0E38DDDC}"
EndProject
Project("{FAE04EC0-301F-11D3-BF4B-00C04F79EFBC}") = "UnitTests", "..\UnitTests\UnitTests.csproj", "{1C695502-C78A-482B-8574-D988E9DE6130}"
EndProject
Global
	GlobalSection(SolutionConfigurationPlatforms) = preSolution
		Debug|Any CPU = Debug|Any CPU
		Release|Any CPU = Release|Any CPU
	EndGlobalSection
	GlobalSection(ProjectConfigurationPlatforms) = postSolution
		{DC4C5F0E-2717-4ECB-BE32-4BA0197E8483}.Debug|Any CPU.ActiveCfg = Debug|Any CPU
		{DC4C5F0E-2717-4ECB-BE32-4BA0197E8483}.Debug|Any CPU.Build.0 = Debug|Any CPU
		{DC4C5F0E-2717-4ECB-BE32-4BA0197E8483}.Release|Any CPU.ActiveCfg = Release|Any CPU
		{DC4C5F0E-2717-4ECB-BE32-4BA0197E8483}.Release|Any CPU.Build.0 = Release|Any CPU
		{FB5718FE-6F9B-4E31-9B20-650F0E38DDDC}.Debug|Any CPU.ActiveCfg = Debug|Any CPU
		{FB5718FE-6F9B-4E31-9B20-650F0E38DDDC}.Debug|Any CPU.Build.0 = Debug|Any CPU
		{FB5718FE-6F9B-4E31-9B20-650F0E38DDDC}.Release|Any CPU.ActiveCfg = Release|Any CPU
		{FB5718FE-6F9B-4E31-9B20-650F0E38DDDC}.Release|Any CPU.Build.0 = Release|Any CPU
		{1C695502-C78A-482B-8574-D988E9DE6130}.Debug|Any CPU.ActiveCfg = Debug|Any CPU
		{1C695502-C78A-482B-8574-D988E9DE6130}.Debug|Any CPU.Build.0 = Debug|Any CPU
		{1C695502-C78A-482B-8574-D988E9DE6130}.Release|Any CPU.ActiveCfg = Release|Any CPU
		{1C695502-C78A-482B-8574-D988E9DE6130}.Release|Any CPU.Build.0 = Release|Any CPU
	EndGlobalSection
	GlobalSection(SolutionProperties) = preSolution
		HideSolutionNode = FALSE
	EndGlobalSection
	GlobalSection(ExtensibilityGlobals) = postSolution
		SolutionGuid = {AF4DC5F1-0D50-4E4D-87CE-1AF6D0845BEF}
	EndGlobalSection
EndGlobal
