
Microsoft Visual Studio Solution File, Format Version 12.00
# Visual Studio Version 17
VisualStudioVersion = 17.7.34024.191
MinimumVisualStudioVersion = 10.0.40219.1
Project("{FAE04EC0-301F-11D3-BF4B-00C04F79EFBC}") = "STP_SecondLab", "STP_SecondLab.csproj", "{33F560C9-78AA-4DBA-9588-7C2170564DB3}"
EndProject
Project("{FAE04EC0-301F-11D3-BF4B-00C04F79EFBC}") = "unit_tests", "..\unit_tests\unit_tests.csproj", "{8AA723F1-2400-48BA-868B-1813F9253D30}"
EndProject
Global
	GlobalSection(SolutionConfigurationPlatforms) = preSolution
		Debug|Any CPU = Debug|Any CPU
		Release|Any CPU = Release|Any CPU
	EndGlobalSection
	GlobalSection(ProjectConfigurationPlatforms) = postSolution
		{33F560C9-78AA-4DBA-9588-7C2170564DB3}.Debug|Any CPU.ActiveCfg = Debug|Any CPU
		{33F560C9-78AA-4DBA-9588-7C2170564DB3}.Debug|Any CPU.Build.0 = Debug|Any CPU
		{33F560C9-78AA-4DBA-9588-7C2170564DB3}.Release|Any CPU.ActiveCfg = Release|Any CPU
		{33F560C9-78AA-4DBA-9588-7C2170564DB3}.Release|Any CPU.Build.0 = Release|Any CPU
		{8AA723F1-2400-48BA-868B-1813F9253D30}.Debug|Any CPU.ActiveCfg = Debug|Any CPU
		{8AA723F1-2400-48BA-868B-1813F9253D30}.Debug|Any CPU.Build.0 = Debug|Any CPU
		{8AA723F1-2400-48BA-868B-1813F9253D30}.Release|Any CPU.ActiveCfg = Release|Any CPU
		{8AA723F1-2400-48BA-868B-1813F9253D30}.Release|Any CPU.Build.0 = Release|Any CPU
	EndGlobalSection
	GlobalSection(SolutionProperties) = preSolution
		HideSolutionNode = FALSE
	EndGlobalSection
	GlobalSection(ExtensibilityGlobals) = postSolution
		SolutionGuid = {C1FACC69-DF15-4BD7-B954-2E165D5598DD}
	EndGlobalSection
EndGlobal
